
Microsoft Visual Studio Solution File, Format Version 12.00
# Visual Studio Version 16
VisualStudioVersion = 16.0.30011.22
MinimumVisualStudioVersion = 10.0.40219.1
Project("{2150E333-8FDC-42A3-9474-1A3956D46DE8}") = "Solution Items", "Solution Items", "{BA33D412-35C9-4EB5-ABC7-FFF1C108B857}"
	ProjectSection(SolutionItems) = preProject
		README.md = README.md
	EndProjectSection
EndProject
Project("{2150E333-8FDC-42A3-9474-1A3956D46DE8}") = "src", "src", "{76B0C4E8-6A7C-4A6A-94B7-2204C40FABA1}"
EndProject
Project("{9A19103F-16F7-4668-BE54-9A1E7A4F7556}") = "ITB.Repository.Abstraction", "src\ITB.Repository.Abstraction\ITB.Repository.Abstraction.csproj", "{F639CC1C-50EC-4C79-BAA6-855426274697}"
EndProject
Project("{FAE04EC0-301F-11D3-BF4B-00C04F79EFBC}") = "ITB.Repository.EntityFrameworkCore", "src\ITB.Repository.EntityFrameworkCore\ITB.Repository.EntityFrameworkCore.csproj", "{F132C0E9-6B05-4475-9434-4AEFBB32FBB3}"
EndProject
Global
	GlobalSection(SolutionConfigurationPlatforms) = preSolution
		Debug|Any CPU = Debug|Any CPU
		Release|Any CPU = Release|Any CPU
	EndGlobalSection
	GlobalSection(ProjectConfigurationPlatforms) = postSolution
		{F639CC1C-50EC-4C79-BAA6-855426274697}.Debug|Any CPU.ActiveCfg = Debug|Any CPU
		{F639CC1C-50EC-4C79-BAA6-855426274697}.Debug|Any CPU.Build.0 = Debug|Any CPU
		{F639CC1C-50EC-4C79-BAA6-855426274697}.Release|Any CPU.ActiveCfg = Release|Any CPU
		{F639CC1C-50EC-4C79-BAA6-855426274697}.Release|Any CPU.Build.0 = Release|Any CPU
		{F132C0E9-6B05-4475-9434-4AEFBB32FBB3}.Debug|Any CPU.ActiveCfg = Debug|Any CPU
		{F132C0E9-6B05-4475-9434-4AEFBB32FBB3}.Debug|Any CPU.Build.0 = Debug|Any CPU
		{F132C0E9-6B05-4475-9434-4AEFBB32FBB3}.Release|Any CPU.ActiveCfg = Release|Any CPU
		{F132C0E9-6B05-4475-9434-4AEFBB32FBB3}.Release|Any CPU.Build.0 = Release|Any CPU
	EndGlobalSection
	GlobalSection(SolutionProperties) = preSolution
		HideSolutionNode = FALSE
	EndGlobalSection
	GlobalSection(NestedProjects) = preSolution
		{F639CC1C-50EC-4C79-BAA6-855426274697} = {76B0C4E8-6A7C-4A6A-94B7-2204C40FABA1}
		{F132C0E9-6B05-4475-9434-4AEFBB32FBB3} = {76B0C4E8-6A7C-4A6A-94B7-2204C40FABA1}
	EndGlobalSection
	GlobalSection(ExtensibilityGlobals) = postSolution
		SolutionGuid = {4C773FA8-906E-45C6-AB8C-482E222C2A66}
	EndGlobalSection
EndGlobal
